
Microsoft Visual Studio Solution File, Format Version 12.00
# Visual Studio Version 17
VisualStudioVersion = 17.9.34728.123
MinimumVisualStudioVersion = 10.0.40219.1
Project("{FAE04EC0-301F-11D3-BF4B-00C04F79EFBC}") = "masiniii", "masiniii\masiniii.csproj", "{73B8BAB3-1480-42E6-93CA-13ADEDDED7EE}"
EndProject
Global
	GlobalSection(SolutionConfigurationPlatforms) = preSolution
		Debug|Any CPU = Debug|Any CPU
		Release|Any CPU = Release|Any CPU
	EndGlobalSection
	GlobalSection(ProjectConfigurationPlatforms) = postSolution
		{73B8BAB3-1480-42E6-93CA-13ADEDDED7EE}.Debug|Any CPU.ActiveCfg = Debug|Any CPU
		{73B8BAB3-1480-42E6-93CA-13ADEDDED7EE}.Debug|Any CPU.Build.0 = Debug|Any CPU
		{73B8BAB3-1480-42E6-93CA-13ADEDDED7EE}.Release|Any CPU.ActiveCfg = Release|Any CPU
		{73B8BAB3-1480-42E6-93CA-13ADEDDED7EE}.Release|Any CPU.Build.0 = Release|Any CPU
	EndGlobalSection
	GlobalSection(SolutionProperties) = preSolution
		HideSolutionNode = FALSE
	EndGlobalSection
	GlobalSection(ExtensibilityGlobals) = postSolution
		SolutionGuid = {E8E2B1A4-CA9E-4DAA-AC33-47E79DB6E3FF}
	EndGlobalSection
EndGlobal
